// !$*UTF8*$!
{
	archiveVersion = 1;
	classes = {
	};
	objectVersion = 55;
	objects = {

/* Begin PBXBuildFile section */
		431855CC2803865C00F4A829 /* dateCell.swift in Sources */ = {isa = PBXBuildFile; fileRef = 431855CB2803865C00F4A829 /* dateCell.swift */; };
		431855D02803884D00F4A829 /* MoredetailedController.swift in Sources */ = {isa = PBXBuildFile; fileRef = 431855CF2803884D00F4A829 /* MoredetailedController.swift */; };
		431855D228038E9300F4A829 /* examCell.swift in Sources */ = {isa = PBXBuildFile; fileRef = 431855D128038E9300F4A829 /* examCell.swift */; };
		43B7E49B2803699C0012C3AE /* courseCell.swift in Sources */ = {isa = PBXBuildFile; fileRef = 43B7E49A2803699C0012C3AE /* courseCell.swift */; };
		43B7E49D280370BF0012C3AE /* coueseDetailsViewController.swift in Sources */ = {isa = PBXBuildFile; fileRef = 43B7E49C280370BF0012C3AE /* coueseDetailsViewController.swift */; };
		95BD7D9EEE8A965F63FE0D14 /* Pods_BoilerMath.framework in Frameworks */ = {isa = PBXBuildFile; fileRef = C4CD2E2C99284B7FFE90BF51 /* Pods_BoilerMath.framework */; };
		E532419927F6451400A91593 /* AppDelegate.swift in Sources */ = {isa = PBXBuildFile; fileRef = E532419827F6451400A91593 /* AppDelegate.swift */; };
		E532419B27F6451400A91593 /* SceneDelegate.swift in Sources */ = {isa = PBXBuildFile; fileRef = E532419A27F6451400A91593 /* SceneDelegate.swift */; };
		E53241A027F6451400A91593 /* Main.storyboard in Resources */ = {isa = PBXBuildFile; fileRef = E532419E27F6451400A91593 /* Main.storyboard */; };
		E53241A227F6451500A91593 /* Assets.xcassets in Resources */ = {isa = PBXBuildFile; fileRef = E53241A127F6451500A91593 /* Assets.xcassets */; };
		E53241A527F6451500A91593 /* LaunchScreen.storyboard in Resources */ = {isa = PBXBuildFile; fileRef = E53241A327F6451500A91593 /* LaunchScreen.storyboard */; };
		E53241AF27F64B5B00A91593 /* LoginViewController.swift in Sources */ = {isa = PBXBuildFile; fileRef = E53241AE27F64B5B00A91593 /* LoginViewController.swift */; };
		E53241B127F6556600A91593 /* HomeViewController.swift in Sources */ = {isa = PBXBuildFile; fileRef = E53241B027F6556600A91593 /* HomeViewController.swift */; };
		E53241B327F797D100A91593 /* SignupViewController.swift in Sources */ = {isa = PBXBuildFile; fileRef = E53241B227F797D100A91593 /* SignupViewController.swift */; };
/* End PBXBuildFile section */

/* Begin PBXFileReference section */
		431855CB2803865C00F4A829 /* dateCell.swift */ = {isa = PBXFileReference; lastKnownFileType = sourcecode.swift; path = dateCell.swift; sourceTree = "<group>"; };
		431855CF2803884D00F4A829 /* MoredetailedController.swift */ = {isa = PBXFileReference; lastKnownFileType = sourcecode.swift; path = MoredetailedController.swift; sourceTree = "<group>"; };
		431855D128038E9300F4A829 /* examCell.swift */ = {isa = PBXFileReference; lastKnownFileType = sourcecode.swift; path = examCell.swift; sourceTree = "<group>"; };
		43B7E49A2803699C0012C3AE /* courseCell.swift */ = {isa = PBXFileReference; lastKnownFileType = sourcecode.swift; path = courseCell.swift; sourceTree = "<group>"; };
		43B7E49C280370BF0012C3AE /* coueseDetailsViewController.swift */ = {isa = PBXFileReference; lastKnownFileType = sourcecode.swift; path = coueseDetailsViewController.swift; sourceTree = "<group>"; };
		87E83AF03C0F02BF7A9269BB /* Pods-BoilerMath.release.xcconfig */ = {isa = PBXFileReference; includeInIndex = 1; lastKnownFileType = text.xcconfig; name = "Pods-BoilerMath.release.xcconfig"; path = "Target Support Files/Pods-BoilerMath/Pods-BoilerMath.release.xcconfig"; sourceTree = "<group>"; };
		ACA2719C0FE7CDD94C414D69 /* Pods-BoilerMath.debug.xcconfig */ = {isa = PBXFileReference; includeInIndex = 1; lastKnownFileType = text.xcconfig; name = "Pods-BoilerMath.debug.xcconfig"; path = "Target Support Files/Pods-BoilerMath/Pods-BoilerMath.debug.xcconfig"; sourceTree = "<group>"; };
		C4CD2E2C99284B7FFE90BF51 /* Pods_BoilerMath.framework */ = {isa = PBXFileReference; explicitFileType = wrapper.framework; includeInIndex = 0; path = Pods_BoilerMath.framework; sourceTree = BUILT_PRODUCTS_DIR; };
		E532419527F6451400A91593 /* BoilerMath.app */ = {isa = PBXFileReference; explicitFileType = wrapper.application; includeInIndex = 0; path = BoilerMath.app; sourceTree = BUILT_PRODUCTS_DIR; };
		E532419827F6451400A91593 /* AppDelegate.swift */ = {isa = PBXFileReference; lastKnownFileType = sourcecode.swift; path = AppDelegate.swift; sourceTree = "<group>"; };
		E532419A27F6451400A91593 /* SceneDelegate.swift */ = {isa = PBXFileReference; lastKnownFileType = sourcecode.swift; path = SceneDelegate.swift; sourceTree = "<group>"; };
		E532419F27F6451400A91593 /* Base */ = {isa = PBXFileReference; lastKnownFileType = file.storyboard; name = Base; path = Base.lproj/Main.storyboard; sourceTree = "<group>"; };
		E53241A127F6451500A91593 /* Assets.xcassets */ = {isa = PBXFileReference; lastKnownFileType = folder.assetcatalog; path = Assets.xcassets; sourceTree = "<group>"; };
		E53241A427F6451500A91593 /* Base */ = {isa = PBXFileReference; lastKnownFileType = file.storyboard; name = Base; path = Base.lproj/LaunchScreen.storyboard; sourceTree = "<group>"; };
		E53241A627F6451500A91593 /* Info.plist */ = {isa = PBXFileReference; lastKnownFileType = text.plist.xml; path = Info.plist; sourceTree = "<group>"; };
		E53241AE27F64B5B00A91593 /* LoginViewController.swift */ = {isa = PBXFileReference; lastKnownFileType = sourcecode.swift; path = LoginViewController.swift; sourceTree = "<group>"; };
		E53241B027F6556600A91593 /* HomeViewController.swift */ = {isa = PBXFileReference; lastKnownFileType = sourcecode.swift; path = HomeViewController.swift; sourceTree = "<group>"; };
		E53241B227F797D100A91593 /* SignupViewController.swift */ = {isa = PBXFileReference; lastKnownFileType = sourcecode.swift; path = SignupViewController.swift; sourceTree = "<group>"; };
/* End PBXFileReference section */

/* Begin PBXFrameworksBuildPhase section */
		E532419227F6451400A91593 /* Frameworks */ = {
			isa = PBXFrameworksBuildPhase;
			buildActionMask = 2147483647;
			files = (
				95BD7D9EEE8A965F63FE0D14 /* Pods_BoilerMath.framework in Frameworks */,
			);
			runOnlyForDeploymentPostprocessing = 0;
		};
/* End PBXFrameworksBuildPhase section */

/* Begin PBXGroup section */
		BBF499E9369F3A07F079AD1C /* Pods */ = {
			isa = PBXGroup;
			children = (
				ACA2719C0FE7CDD94C414D69 /* Pods-BoilerMath.debug.xcconfig */,
				87E83AF03C0F02BF7A9269BB /* Pods-BoilerMath.release.xcconfig */,
			);
			path = Pods;
			sourceTree = "<group>";
		};
		E532418C27F6451400A91593 = {
			isa = PBXGroup;
			children = (
				E532419727F6451400A91593 /* BoilerMath */,
				E532419627F6451400A91593 /* Products */,
				BBF499E9369F3A07F079AD1C /* Pods */,
				FA642D9E6A0EA870C4ACB474 /* Frameworks */,
			);
			sourceTree = "<group>";
		};
		E532419627F6451400A91593 /* Products */ = {
			isa = PBXGroup;
			children = (
				E532419527F6451400A91593 /* BoilerMath.app */,
			);
			name = Products;
			sourceTree = "<group>";
		};
		E532419727F6451400A91593 /* BoilerMath */ = {
			isa = PBXGroup;
			children = (
				E532419827F6451400A91593 /* AppDelegate.swift */,
				E532419A27F6451400A91593 /* SceneDelegate.swift */,
				E532419E27F6451400A91593 /* Main.storyboard */,
				E53241A127F6451500A91593 /* Assets.xcassets */,
				E53241A327F6451500A91593 /* LaunchScreen.storyboard */,
				E53241A627F6451500A91593 /* Info.plist */,
				E53241AE27F64B5B00A91593 /* LoginViewController.swift */,
				E53241B027F6556600A91593 /* HomeViewController.swift */,
				E53241B227F797D100A91593 /* SignupViewController.swift */,
				43B7E49A2803699C0012C3AE /* courseCell.swift */,
				43B7E49C280370BF0012C3AE /* coueseDetailsViewController.swift */,
				431855CB2803865C00F4A829 /* dateCell.swift */,
				431855CF2803884D00F4A829 /* MoredetailedController.swift */,
				431855D128038E9300F4A829 /* examCell.swift */,
			);
			path = BoilerMath;
			sourceTree = "<group>";
		};
		FA642D9E6A0EA870C4ACB474 /* Frameworks */ = {
			isa = PBXGroup;
			children = (
				C4CD2E2C99284B7FFE90BF51 /* Pods_BoilerMath.framework */,
			);
			name = Frameworks;
			sourceTree = "<group>";
		};
/* End PBXGroup section */

/* Begin PBXNativeTarget section */
		E532419427F6451400A91593 /* BoilerMath */ = {
			isa = PBXNativeTarget;
			buildConfigurationList = E53241A927F6451500A91593 /* Build configuration list for PBXNativeTarget "BoilerMath" */;
			buildPhases = (
				0AADEEC333CDF213FBC2727C /* [CP] Check Pods Manifest.lock */,
				E532419127F6451400A91593 /* Sources */,
				E532419227F6451400A91593 /* Frameworks */,
				E532419327F6451400A91593 /* Resources */,
				5F83073C1E0DBFE062F7591D /* [CP] Embed Pods Frameworks */,
			);
			buildRules = (
			);
			dependencies = (
			);
			name = BoilerMath;
			productName = BoilerMath;
			productReference = E532419527F6451400A91593 /* BoilerMath.app */;
			productType = "com.apple.product-type.application";
		};
/* End PBXNativeTarget section */

/* Begin PBXProject section */
		E532418D27F6451400A91593 /* Project object */ = {
			isa = PBXProject;
			attributes = {
				BuildIndependentTargetsInParallel = 1;
				LastSwiftUpdateCheck = 1320;
				LastUpgradeCheck = 1320;
				TargetAttributes = {
					E532419427F6451400A91593 = {
						CreatedOnToolsVersion = 13.2.1;
					};
				};
			};
			buildConfigurationList = E532419027F6451400A91593 /* Build configuration list for PBXProject "BoilerMath" */;
			compatibilityVersion = "Xcode 13.0";
			developmentRegion = en;
			hasScannedForEncodings = 0;
			knownRegions = (
				en,
				Base,
			);
			mainGroup = E532418C27F6451400A91593;
			productRefGroup = E532419627F6451400A91593 /* Products */;
			projectDirPath = "";
			projectRoot = "";
			targets = (
				E532419427F6451400A91593 /* BoilerMath */,
			);
		};
/* End PBXProject section */

/* Begin PBXResourcesBuildPhase section */
		E532419327F6451400A91593 /* Resources */ = {
			isa = PBXResourcesBuildPhase;
			buildActionMask = 2147483647;
			files = (
				E53241A527F6451500A91593 /* LaunchScreen.storyboard in Resources */,
				E53241A227F6451500A91593 /* Assets.xcassets in Resources */,
				E53241A027F6451400A91593 /* Main.storyboard in Resources */,
			);
			runOnlyForDeploymentPostprocessing = 0;
		};
/* End PBXResourcesBuildPhase section */

/* Begin PBXShellScriptBuildPhase section */
		0AADEEC333CDF213FBC2727C /* [CP] Check Pods Manifest.lock */ = {
			isa = PBXShellScriptBuildPhase;
			buildActionMask = 2147483647;
			files = (
			);
			inputFileListPaths = (
			);
			inputPaths = (
				"${PODS_PODFILE_DIR_PATH}/Podfile.lock",
				"${PODS_ROOT}/Manifest.lock",
			);
			name = "[CP] Check Pods Manifest.lock";
			outputFileListPaths = (
			);
			outputPaths = (
				"$(DERIVED_FILE_DIR)/Pods-BoilerMath-checkManifestLockResult.txt",
			);
			runOnlyForDeploymentPostprocessing = 0;
			shellPath = /bin/sh;
			shellScript = "diff \"${PODS_PODFILE_DIR_PATH}/Podfile.lock\" \"${PODS_ROOT}/Manifest.lock\" > /dev/null\nif [ $? != 0 ] ; then\n    # print error to STDERR\n    echo \"error: The sandbox is not in sync with the Podfile.lock. Run 'pod install' or update your CocoaPods installation.\" >&2\n    exit 1\nfi\n# This output is used by Xcode 'outputs' to avoid re-running this script phase.\necho \"SUCCESS\" > \"${SCRIPT_OUTPUT_FILE_0}\"\n";
			showEnvVarsInLog = 0;
		};
		5F83073C1E0DBFE062F7591D /* [CP] Embed Pods Frameworks */ = {
			isa = PBXShellScriptBuildPhase;
			buildActionMask = 2147483647;
			files = (
			);
			inputFileListPaths = (
				"${PODS_ROOT}/Target Support Files/Pods-BoilerMath/Pods-BoilerMath-frameworks-${CONFIGURATION}-input-files.xcfilelist",
			);
			name = "[CP] Embed Pods Frameworks";
			outputFileListPaths = (
				"${PODS_ROOT}/Target Support Files/Pods-BoilerMath/Pods-BoilerMath-frameworks-${CONFIGURATION}-output-files.xcfilelist",
			);
			runOnlyForDeploymentPostprocessing = 0;
			shellPath = /bin/sh;
			shellScript = "\"${PODS_ROOT}/Target Support Files/Pods-BoilerMath/Pods-BoilerMath-frameworks.sh\"\n";
			showEnvVarsInLog = 0;
		};
/* End PBXShellScriptBuildPhase section */

/* Begin PBXSourcesBuildPhase section */
		E532419127F6451400A91593 /* Sources */ = {
			isa = PBXSourcesBuildPhase;
			buildActionMask = 2147483647;
			files = (
				43B7E49D280370BF0012C3AE /* coueseDetailsViewController.swift in Sources */,
				E53241AF27F64B5B00A91593 /* LoginViewController.swift in Sources */,
				431855D02803884D00F4A829 /* MoredetailedController.swift in Sources */,
				E532419927F6451400A91593 /* AppDelegate.swift in Sources */,
				431855D228038E9300F4A829 /* examCell.swift in Sources */,
				E53241B327F797D100A91593 /* SignupViewController.swift in Sources */,
				E532419B27F6451400A91593 /* SceneDelegate.swift in Sources */,
				43B7E49B2803699C0012C3AE /* courseCell.swift in Sources */,
				E53241B127F6556600A91593 /* HomeViewController.swift in Sources */,
				431855CC2803865C00F4A829 /* dateCell.swift in Sources */,
			);
			runOnlyForDeploymentPostprocessing = 0;
		};
/* End PBXSourcesBuildPhase section */

/* Begin PBXVariantGroup section */
		E532419E27F6451400A91593 /* Main.storyboard */ = {
			isa = PBXVariantGroup;
			children = (
				E532419F27F6451400A91593 /* Base */,
			);
			name = Main.storyboard;
			sourceTree = "<group>";
		};
		E53241A327F6451500A91593 /* LaunchScreen.storyboard */ = {
			isa = PBXVariantGroup;
			children = (
				E53241A427F6451500A91593 /* Base */,
			);
			name = LaunchScreen.storyboard;
			sourceTree = "<group>";
		};
/* End PBXVariantGroup section */

/* Begin XCBuildConfiguration section */
		E53241A727F6451500A91593 /* Debug */ = {
			isa = XCBuildConfiguration;
			buildSettings = {
				ALWAYS_SEARCH_USER_PATHS = NO;
				CLANG_ANALYZER_NONNULL = YES;
				CLANG_ANALYZER_NUMBER_OBJECT_CONVERSION = YES_AGGRESSIVE;
				CLANG_CXX_LANGUAGE_STANDARD = "gnu++17";
				CLANG_CXX_LIBRARY = "libc++";
				CLANG_ENABLE_MODULES = YES;
				CLANG_ENABLE_OBJC_ARC = YES;
				CLANG_ENABLE_OBJC_WEAK = YES;
				CLANG_WARN_BLOCK_CAPTURE_AUTORELEASING = YES;
				CLANG_WARN_BOOL_CONVERSION = YES;
				CLANG_WARN_COMMA = YES;
				CLANG_WARN_CONSTANT_CONVERSION = YES;
				CLANG_WARN_DEPRECATED_OBJC_IMPLEMENTATIONS = YES;
				CLANG_WARN_DIRECT_OBJC_ISA_USAGE = YES_ERROR;
				CLANG_WARN_DOCUMENTATION_COMMENTS = YES;
				CLANG_WARN_EMPTY_BODY = YES;
				CLANG_WARN_ENUM_CONVERSION = YES;
				CLANG_WARN_INFINITE_RECURSION = YES;
				CLANG_WARN_INT_CONVERSION = YES;
				CLANG_WARN_NON_LITERAL_NULL_CONVERSION = YES;
				CLANG_WARN_OBJC_IMPLICIT_RETAIN_SELF = YES;
				CLANG_WARN_OBJC_LITERAL_CONVERSION = YES;
				CLANG_WARN_OBJC_ROOT_CLASS = YES_ERROR;
				CLANG_WARN_QUOTED_INCLUDE_IN_FRAMEWORK_HEADER = YES;
				CLANG_WARN_RANGE_LOOP_ANALYSIS = YES;
				CLANG_WARN_STRICT_PROTOTYPES = YES;
				CLANG_WARN_SUSPICIOUS_MOVE = YES;
				CLANG_WARN_UNGUARDED_AVAILABILITY = YES_AGGRESSIVE;
				CLANG_WARN_UNREACHABLE_CODE = YES;
				CLANG_WARN__DUPLICATE_METHOD_MATCH = YES;
				COPY_PHASE_STRIP = NO;
				DEBUG_INFORMATION_FORMAT = dwarf;
				ENABLE_STRICT_OBJC_MSGSEND = YES;
				ENABLE_TESTABILITY = YES;
				GCC_C_LANGUAGE_STANDARD = gnu11;
				GCC_DYNAMIC_NO_PIC = NO;
				GCC_NO_COMMON_BLOCKS = YES;
				GCC_OPTIMIZATION_LEVEL = 0;
				GCC_PREPROCESSOR_DEFINITIONS = (
					"DEBUG=1",
					"$(inherited)",
				);
				GCC_WARN_64_TO_32_BIT_CONVERSION = YES;
				GCC_WARN_ABOUT_RETURN_TYPE = YES_ERROR;
				GCC_WARN_UNDECLARED_SELECTOR = YES;
				GCC_WARN_UNINITIALIZED_AUTOS = YES_AGGRESSIVE;
				GCC_WARN_UNUSED_FUNCTION = YES;
				GCC_WARN_UNUSED_VARIABLE = YES;
				IPHONEOS_DEPLOYMENT_TARGET = 15.2;
				MTL_ENABLE_DEBUG_INFO = INCLUDE_SOURCE;
				MTL_FAST_MATH = YES;
				ONLY_ACTIVE_ARCH = YES;
				SDKROOT = iphoneos;
				SWIFT_ACTIVE_COMPILATION_CONDITIONS = DEBUG;
				SWIFT_OPTIMIZATION_LEVEL = "-Onone";
			};
			name = Debug;
		};
		E53241A827F6451500A91593 /* Release */ = {
			isa = XCBuildConfiguration;
			buildSettings = {
				ALWAYS_SEARCH_USER_PATHS = NO;
				CLANG_ANALYZER_NONNULL = YES;
				CLANG_ANALYZER_NUMBER_OBJECT_CONVERSION = YES_AGGRESSIVE;
				CLANG_CXX_LANGUAGE_STANDARD = "gnu++17";
				CLANG_CXX_LIBRARY = "libc++";
				CLANG_ENABLE_MODULES = YES;
				CLANG_ENABLE_OBJC_ARC = YES;
				CLANG_ENABLE_OBJC_WEAK = YES;
				CLANG_WARN_BLOCK_CAPTURE_AUTORELEASING = YES;
				CLANG_WARN_BOOL_CONVERSION = YES;
				CLANG_WARN_COMMA = YES;
				CLANG_WARN_CONSTANT_CONVERSION = YES;
				CLANG_WARN_DEPRECATED_OBJC_IMPLEMENTATIONS = YES;
				CLANG_WARN_DIRECT_OBJC_ISA_USAGE = YES_ERROR;
				CLANG_WARN_DOCUMENTATION_COMMENTS = YES;
				CLANG_WARN_EMPTY_BODY = YES;
				CLANG_WARN_ENUM_CONVERSION = YES;
				CLANG_WARN_INFINITE_RECURSION = YES;
				CLANG_WARN_INT_CONVERSION = YES;
				CLANG_WARN_NON_LITERAL_NULL_CONVERSION = YES;
				CLANG_WARN_OBJC_IMPLICIT_RETAIN_SELF = YES;
				CLANG_WARN_OBJC_LITERAL_CONVERSION = YES;
				CLANG_WARN_OBJC_ROOT_CLASS = YES_ERROR;
				CLANG_WARN_QUOTED_INCLUDE_IN_FRAMEWORK_HEADER = YES;
				CLANG_WARN_RANGE_LOOP_ANALYSIS = YES;
				CLANG_WARN_STRICT_PROTOTYPES = YES;
				CLANG_WARN_SUSPICIOUS_MOVE = YES;
				CLANG_WARN_UNGUARDED_AVAILABILITY = YES_AGGRESSIVE;
				CLANG_WARN_UNREACHABLE_CODE = YES;
				CLANG_WARN__DUPLICATE_METHOD_MATCH = YES;
				COPY_PHASE_STRIP = NO;
				DEBUG_INFORMATION_FORMAT = "dwarf-with-dsym";
				ENABLE_NS_ASSERTIONS = NO;
				ENABLE_STRICT_OBJC_MSGSEND = YES;
				GCC_C_LANGUAGE_STANDARD = gnu11;
				GCC_NO_COMMON_BLOCKS = YES;
				GCC_WARN_64_TO_32_BIT_CONVERSION = YES;
				GCC_WARN_ABOUT_RETURN_TYPE = YES_ERROR;
				GCC_WARN_UNDECLARED_SELECTOR = YES;
				GCC_WARN_UNINITIALIZED_AUTOS = YES_AGGRESSIVE;
				GCC_WARN_UNUSED_FUNCTION = YES;
				GCC_WARN_UNUSED_VARIABLE = YES;
				IPHONEOS_DEPLOYMENT_TARGET = 15.2;
				MTL_ENABLE_DEBUG_INFO = NO;
				MTL_FAST_MATH = YES;
				SDKROOT = iphoneos;
				SWIFT_COMPILATION_MODE = wholemodule;
				SWIFT_OPTIMIZATION_LEVEL = "-O";
				VALIDATE_PRODUCT = YES;
			};
			name = Release;
		};
		E53241AA27F6451500A91593 /* Debug */ = {
			isa = XCBuildConfiguration;
			baseConfigurationReference = ACA2719C0FE7CDD94C414D69 /* Pods-BoilerMath.debug.xcconfig */;
			buildSettings = {
				ASSETCATALOG_COMPILER_APPICON_NAME = AppIcon;
				ASSETCATALOG_COMPILER_GLOBAL_ACCENT_COLOR_NAME = AccentColor;
				CODE_SIGN_STYLE = Automatic;
				CURRENT_PROJECT_VERSION = 1;
				DEVELOPMENT_TEAM = 7LJBC94DF6;
				GENERATE_INFOPLIST_FILE = YES;
				INFOPLIST_FILE = BoilerMath/Info.plist;
				INFOPLIST_KEY_UIApplicationSupportsIndirectInputEvents = YES;
				INFOPLIST_KEY_UILaunchStoryboardName = LaunchScreen;
				INFOPLIST_KEY_UIMainStoryboardFile = Main;
				INFOPLIST_KEY_UISupportedInterfaceOrientations_iPad = "UIInterfaceOrientationPortrait UIInterfaceOrientationPortraitUpsideDown UIInterfaceOrientationLandscapeLeft UIInterfaceOrientationLandscapeRight";
				INFOPLIST_KEY_UISupportedInterfaceOrientations_iPhone = "UIInterfaceOrientationPortrait UIInterfaceOrientationLandscapeLeft UIInterfaceOrientationLandscapeRight";
				LD_RUNPATH_SEARCH_PATHS = (
					"$(inherited)",
					"@executable_path/Frameworks",
				);
				MARKETING_VERSION = 1.0;
				PRODUCT_BUNDLE_IDENTIFIER = yiting.BoilerMath;
				PRODUCT_NAME = "$(TARGET_NAME)";
				SWIFT_EMIT_LOC_STRINGS = YES;
				SWIFT_VERSION = 5.0;
				TARGETED_DEVICE_FAMILY = "1,2";
			};
			name = Debug;
		};
		E53241AB27F6451500A91593 /* Release */ = {
			isa = XCBuildConfiguration;
			baseConfigurationReference = 87E83AF03C0F02BF7A9269BB /* Pods-BoilerMath.release.xcconfig */;
			buildSettings = {
				ASSETCATALOG_COMPILER_APPICON_NAME = AppIcon;
				ASSETCATALOG_COMPILER_GLOBAL_ACCENT_COLOR_NAME = AccentColor;
				CODE_SIGN_STYLE = Automatic;
				CURRENT_PROJECT_VERSION = 1;
				DEVELOPMENT_TEAM = 7LJBC94DF6;
				GENERATE_INFOPLIST_FILE = YES;
				INFOPLIST_FILE = BoilerMath/Info.plist;
				INFOPLIST_KEY_UIApplicationSupportsIndirectInputEvents = YES;
				INFOPLIST_KEY_UILaunchStoryboardName = LaunchScreen;
				INFOPLIST_KEY_UIMainStoryboardFile = Main;
				INFOPLIST_KEY_UISupportedInterfaceOrientations_iPad = "UIInterfaceOrientationPortrait UIInterfaceOrientationPortraitUpsideDown UIInterfaceOrientationLandscapeLeft UIInterfaceOrientationLandscapeRight";
				INFOPLIST_KEY_UISupportedInterfaceOrientations_iPhone = "UIInterfaceOrientationPortrait UIInterfaceOrientationLandscapeLeft UIInterfaceOrientationLandscapeRight";
				LD_RUNPATH_SEARCH_PATHS = (
					"$(inherited)",
					"@executable_path/Frameworks",
				);
				MARKETING_VERSION = 1.0;
				PRODUCT_BUNDLE_IDENTIFIER = yiting.BoilerMath;
				PRODUCT_NAME = "$(TARGET_NAME)";
				SWIFT_EMIT_LOC_STRINGS = YES;
				SWIFT_VERSION = 5.0;
				TARGETED_DEVICE_FAMILY = "1,2";
			};
			name = Release;
		};
/* End XCBuildConfiguration section */

/* Begin XCConfigurationList section */
		E532419027F6451400A91593 /* Build configuration list for PBXProject "BoilerMath" */ = {
			isa = XCConfigurationList;
			buildConfigurations = (
				E53241A727F6451500A91593 /* Debug */,
				E53241A827F6451500A91593 /* Release */,
			);
			defaultConfigurationIsVisible = 0;
			defaultConfigurationName = Release;
		};
		E53241A927F6451500A91593 /* Build configuration list for PBXNativeTarget "BoilerMath" */ = {
			isa = XCConfigurationList;
			buildConfigurations = (
				E53241AA27F6451500A91593 /* Debug */,
				E53241AB27F6451500A91593 /* Release */,
			);
			defaultConfigurationIsVisible = 0;
			defaultConfigurationName = Release;
		};
/* End XCConfigurationList section */
	};
	rootObject = E532418D27F6451400A91593 /* Project object */;
}
